
Microsoft Visual Studio Solution File, Format Version 12.00
# Visual Studio Version 17
VisualStudioVersion = 17.8.34322.80
MinimumVisualStudioVersion = 10.0.40219.1
Project("{8BC9CEB8-8B4A-11D0-8D11-00A0C91BC942}") = "Grafic_Functie", "Grafic_Functie.vcxproj", "{CBFBB2B1-2128-48A3-8AD7-99692169843F}"
EndProject
Global
	GlobalSection(SolutionConfigurationPlatforms) = preSolution
		Debug|ARM64 = Debug|ARM64
		Debug|x64 = Debug|x64
		Debug|x86 = Debug|x86
		Release|ARM64 = Release|ARM64
		Release|x64 = Release|x64
		Release|x86 = Release|x86
	EndGlobalSection
	GlobalSection(ProjectConfigurationPlatforms) = postSolution
		{CBFBB2B1-2128-48A3-8AD7-99692169843F}.Debug|ARM64.ActiveCfg = Debug|ARM64
		{CBFBB2B1-2128-48A3-8AD7-99692169843F}.Debug|ARM64.Build.0 = Debug|ARM64
		{CBFBB2B1-2128-48A3-8AD7-99692169843F}.Debug|x64.ActiveCfg = Debug|x64
		{CBFBB2B1-2128-48A3-8AD7-99692169843F}.Debug|x64.Build.0 = Debug|x64
		{CBFBB2B1-2128-48A3-8AD7-99692169843F}.Debug|x86.ActiveCfg = Debug|Win32
		{CBFBB2B1-2128-48A3-8AD7-99692169843F}.Debug|x86.Build.0 = Debug|Win32
		{CBFBB2B1-2128-48A3-8AD7-99692169843F}.Release|ARM64.ActiveCfg = Release|ARM64
		{CBFBB2B1-2128-48A3-8AD7-99692169843F}.Release|ARM64.Build.0 = Release|ARM64
		{CBFBB2B1-2128-48A3-8AD7-99692169843F}.Release|x64.ActiveCfg = Release|x64
		{CBFBB2B1-2128-48A3-8AD7-99692169843F}.Release|x64.Build.0 = Release|x64
		{CBFBB2B1-2128-48A3-8AD7-99692169843F}.Release|x86.ActiveCfg = Release|Win32
		{CBFBB2B1-2128-48A3-8AD7-99692169843F}.Release|x86.Build.0 = Release|Win32
	EndGlobalSection
	GlobalSection(SolutionProperties) = preSolution
		HideSolutionNode = FALSE
	EndGlobalSection
	GlobalSection(ExtensibilityGlobals) = postSolution
		SolutionGuid = {963CDFBC-F193-4D24-A2F9-47A91A0DDBD6}
	EndGlobalSection
EndGlobal
